
Microsoft Visual Studio Solution File, Format Version 12.00
# Visual Studio Version 16
VisualStudioVersion = 16.0.29509.3
MinimumVisualStudioVersion = 10.0.40219.1
Project("{FAE04EC0-301F-11D3-BF4B-00C04F79EFBC}") = "AppRestaurante", "Proyecto01\AppRestaurante.csproj", "{5648370A-BF3F-4A2C-9C4D-F88AE63435C9}"
EndProject
Project("{FAE04EC0-301F-11D3-BF4B-00C04F79EFBC}") = "AppFacturaComputador", "AppFacturaComputador\AppFacturaComputador.csproj", "{BB6EA22E-C41C-43FD-8A7B-73D6AC5A8EDA}"
EndProject
Global
	GlobalSection(SolutionConfigurationPlatforms) = preSolution
		Debug|Any CPU = Debug|Any CPU
		Release|Any CPU = Release|Any CPU
	EndGlobalSection
	GlobalSection(ProjectConfigurationPlatforms) = postSolution
		{5648370A-BF3F-4A2C-9C4D-F88AE63435C9}.Debug|Any CPU.ActiveCfg = Debug|Any CPU
		{5648370A-BF3F-4A2C-9C4D-F88AE63435C9}.Debug|Any CPU.Build.0 = Debug|Any CPU
		{5648370A-BF3F-4A2C-9C4D-F88AE63435C9}.Release|Any CPU.ActiveCfg = Release|Any CPU
		{5648370A-BF3F-4A2C-9C4D-F88AE63435C9}.Release|Any CPU.Build.0 = Release|Any CPU
		{BB6EA22E-C41C-43FD-8A7B-73D6AC5A8EDA}.Debug|Any CPU.ActiveCfg = Debug|Any CPU
		{BB6EA22E-C41C-43FD-8A7B-73D6AC5A8EDA}.Debug|Any CPU.Build.0 = Debug|Any CPU
		{BB6EA22E-C41C-43FD-8A7B-73D6AC5A8EDA}.Release|Any CPU.ActiveCfg = Release|Any CPU
		{BB6EA22E-C41C-43FD-8A7B-73D6AC5A8EDA}.Release|Any CPU.Build.0 = Release|Any CPU
	EndGlobalSection
	GlobalSection(SolutionProperties) = preSolution
		HideSolutionNode = FALSE
	EndGlobalSection
	GlobalSection(ExtensibilityGlobals) = postSolution
		SolutionGuid = {5F3F7A06-CEF7-48D1-9C25-8EC76AD24342}
	EndGlobalSection
EndGlobal
