
Microsoft Visual Studio Solution File, Format Version 12.00
# Visual Studio Version 16
VisualStudioVersion = 16.0.29609.76
MinimumVisualStudioVersion = 10.0.40219.1
Project("{FAE04EC0-301F-11D3-BF4B-00C04F79EFBC}") = "AppWinPrácticaLab01Banco", "AppWinPrácticaLab01Banco\AppWinPrácticaLab01Banco.csproj", "{3C2B6B08-76FF-4EFA-A51F-0B851D6956B5}"
EndProject
Global
	GlobalSection(SolutionConfigurationPlatforms) = preSolution
		Debug|Any CPU = Debug|Any CPU
		Release|Any CPU = Release|Any CPU
	EndGlobalSection
	GlobalSection(ProjectConfigurationPlatforms) = postSolution
		{3C2B6B08-76FF-4EFA-A51F-0B851D6956B5}.Debug|Any CPU.ActiveCfg = Debug|Any CPU
		{3C2B6B08-76FF-4EFA-A51F-0B851D6956B5}.Debug|Any CPU.Build.0 = Debug|Any CPU
		{3C2B6B08-76FF-4EFA-A51F-0B851D6956B5}.Release|Any CPU.ActiveCfg = Release|Any CPU
		{3C2B6B08-76FF-4EFA-A51F-0B851D6956B5}.Release|Any CPU.Build.0 = Release|Any CPU
	EndGlobalSection
	GlobalSection(SolutionProperties) = preSolution
		HideSolutionNode = FALSE
	EndGlobalSection
	GlobalSection(ExtensibilityGlobals) = postSolution
		SolutionGuid = {E741EF3D-5C48-4A9F-BFE5-2BE662E5BA63}
	EndGlobalSection
EndGlobal
