
Microsoft Visual Studio Solution File, Format Version 12.00
# Visual Studio Version 16
VisualStudioVersion = 16.0.28803.202
MinimumVisualStudioVersion = 10.0.40219.1
Project("{FAE04EC0-301F-11D3-BF4B-00C04F79EFBC}") = "AppPOOListaObjetos", "AppPOOListaObjetos.csproj", "{317E5890-4FBE-4AA2-A121-DC3223553AAB}"
EndProject
Global
	GlobalSection(SolutionConfigurationPlatforms) = preSolution
		Debug|Any CPU = Debug|Any CPU
		Release|Any CPU = Release|Any CPU
	EndGlobalSection
	GlobalSection(ProjectConfigurationPlatforms) = postSolution
		{317E5890-4FBE-4AA2-A121-DC3223553AAB}.Debug|Any CPU.ActiveCfg = Debug|Any CPU
		{317E5890-4FBE-4AA2-A121-DC3223553AAB}.Debug|Any CPU.Build.0 = Debug|Any CPU
		{317E5890-4FBE-4AA2-A121-DC3223553AAB}.Release|Any CPU.ActiveCfg = Release|Any CPU
		{317E5890-4FBE-4AA2-A121-DC3223553AAB}.Release|Any CPU.Build.0 = Release|Any CPU
	EndGlobalSection
	GlobalSection(SolutionProperties) = preSolution
		HideSolutionNode = FALSE
	EndGlobalSection
	GlobalSection(ExtensibilityGlobals) = postSolution
		SolutionGuid = {EF73B973-D982-4DC7-B5AC-58970D8E6111}
	EndGlobalSection
EndGlobal
